
Microsoft Visual Studio Solution File, Format Version 12.00
# Visual Studio 14
VisualStudioVersion = 14.0.23107.0
MinimumVisualStudioVersion = 10.0.40219.1
Project("{FAE04EC0-301F-11D3-BF4B-00C04F79EFBC}") = "SshTest", "SshTest\SshTest.csproj", "{59DA1AC6-A6DE-4BB4-9593-B5C074EB277B}"
EndProject
Project("{FAE04EC0-301F-11D3-BF4B-00C04F79EFBC}") = "SshExplorer", "SshViewer\SshExplorer.csproj", "{FA046F58-AB29-46F1-A378-BA25C1858B89}"
EndProject
Global
	GlobalSection(SolutionConfigurationPlatforms) = preSolution
		Debug|Any CPU = Debug|Any CPU
		Release|Any CPU = Release|Any CPU
	EndGlobalSection
	GlobalSection(ProjectConfigurationPlatforms) = postSolution
		{59DA1AC6-A6DE-4BB4-9593-B5C074EB277B}.Debug|Any CPU.ActiveCfg = Debug|Any CPU
		{59DA1AC6-A6DE-4BB4-9593-B5C074EB277B}.Debug|Any CPU.Build.0 = Debug|Any CPU
		{59DA1AC6-A6DE-4BB4-9593-B5C074EB277B}.Release|Any CPU.ActiveCfg = Release|Any CPU
		{59DA1AC6-A6DE-4BB4-9593-B5C074EB277B}.Release|Any CPU.Build.0 = Release|Any CPU
		{FA046F58-AB29-46F1-A378-BA25C1858B89}.Debug|Any CPU.ActiveCfg = Debug|Any CPU
		{FA046F58-AB29-46F1-A378-BA25C1858B89}.Debug|Any CPU.Build.0 = Debug|Any CPU
		{FA046F58-AB29-46F1-A378-BA25C1858B89}.Release|Any CPU.ActiveCfg = Release|Any CPU
		{FA046F58-AB29-46F1-A378-BA25C1858B89}.Release|Any CPU.Build.0 = Release|Any CPU
	EndGlobalSection
	GlobalSection(SolutionProperties) = preSolution
		HideSolutionNode = FALSE
	EndGlobalSection
EndGlobal
